// !$*UTF8*$!
{
	archiveVersion = 1;
	classes = {
	};
	objectVersion = 50;
	objects = {

/* Begin PBXBuildFile section */
		09068B7823E4739D004DBA4E /* AppDelegate.swift in Sources */ = {isa = PBXBuildFile; fileRef = 09068B7723E4739D004DBA4E /* AppDelegate.swift */; };
		09068B7A23E4739D004DBA4E /* SceneDelegate.swift in Sources */ = {isa = PBXBuildFile; fileRef = 09068B7923E4739D004DBA4E /* SceneDelegate.swift */; };
		09068B7C23E4739D004DBA4E /* ViewController.swift in Sources */ = {isa = PBXBuildFile; fileRef = 09068B7B23E4739D004DBA4E /* ViewController.swift */; };
		09068B7F23E4739D004DBA4E /* Main.storyboard in Resources */ = {isa = PBXBuildFile; fileRef = 09068B7D23E4739D004DBA4E /* Main.storyboard */; };
		09068B8123E4739E004DBA4E /* Assets.xcassets in Resources */ = {isa = PBXBuildFile; fileRef = 09068B8023E4739E004DBA4E /* Assets.xcassets */; };
		09068B8423E4739E004DBA4E /* LaunchScreen.storyboard in Resources */ = {isa = PBXBuildFile; fileRef = 09068B8223E4739E004DBA4E /* LaunchScreen.storyboard */; };
/* End PBXBuildFile section */

/* Begin PBXFileReference section */
		09068B7423E4739D004DBA4E /* TestLocalisation.app */ = {isa = PBXFileReference; explicitFileType = wrapper.application; includeInIndex = 0; path = TestLocalisation.app; sourceTree = BUILT_PRODUCTS_DIR; };
		09068B7723E4739D004DBA4E /* AppDelegate.swift */ = {isa = PBXFileReference; lastKnownFileType = sourcecode.swift; path = AppDelegate.swift; sourceTree = "<group>"; };
		09068B7923E4739D004DBA4E /* SceneDelegate.swift */ = {isa = PBXFileReference; lastKnownFileType = sourcecode.swift; path = SceneDelegate.swift; sourceTree = "<group>"; };
		09068B7B23E4739D004DBA4E /* ViewController.swift */ = {isa = PBXFileReference; lastKnownFileType = sourcecode.swift; path = ViewController.swift; sourceTree = "<group>"; };
		09068B7E23E4739D004DBA4E /* Base */ = {isa = PBXFileReference; lastKnownFileType = file.storyboard; name = Base; path = Base.lproj/Main.storyboard; sourceTree = "<group>"; };
		09068B8023E4739E004DBA4E /* Assets.xcassets */ = {isa = PBXFileReference; lastKnownFileType = folder.assetcatalog; path = Assets.xcassets; sourceTree = "<group>"; };
		09068B8323E4739E004DBA4E /* Base */ = {isa = PBXFileReference; lastKnownFileType = file.storyboard; name = Base; path = Base.lproj/LaunchScreen.storyboard; sourceTree = "<group>"; };
		09068B8523E4739E004DBA4E /* Info.plist */ = {isa = PBXFileReference; lastKnownFileType = text.plist.xml; path = Info.plist; sourceTree = "<group>"; };
/* End PBXFileReference section */

/* Begin PBXFrameworksBuildPhase section */
		09068B7123E4739D004DBA4E /* Frameworks */ = {
			isa = PBXFrameworksBuildPhase;
			buildActionMask = 2147483647;
			files = (
			);
			runOnlyForDeploymentPostprocessing = 0;
		};
/* End PBXFrameworksBuildPhase section */

/* Begin PBXGroup section */
		09068B6B23E4739D004DBA4E = {
			isa = PBXGroup;
			children = (
				09068B7623E4739D004DBA4E /* TestLocalisation */,
				09068B7523E4739D004DBA4E /* Products */,
			);
			sourceTree = "<group>";
		};
		09068B7523E4739D004DBA4E /* Products */ = {
			isa = PBXGroup;
			children = (
				09068B7423E4739D004DBA4E /* TestLocalisation.app */,
			);
			name = Products;
			sourceTree = "<group>";
		};
		09068B7623E4739D004DBA4E /* TestLocalisation */ = {
			isa = PBXGroup;
			children = (
				09068B7723E4739D004DBA4E /* AppDelegate.swift */,
				09068B7923E4739D004DBA4E /* SceneDelegate.swift */,
				09068B7B23E4739D004DBA4E /* ViewController.swift */,
				09068B7D23E4739D004DBA4E /* Main.storyboard */,
				09068B8023E4739E004DBA4E /* Assets.xcassets */,
				09068B8223E4739E004DBA4E /* LaunchScreen.storyboard */,
				09068B8523E4739E004DBA4E /* Info.plist */,
			);
			path = TestLocalisation;
			sourceTree = "<group>";
		};
/* End PBXGroup section */

/* Begin PBXNativeTarget section */
		09068B7323E4739D004DBA4E /* TestLocalisation */ = {
			isa = PBXNativeTarget;
			buildConfigurationList = 09068B8823E4739E004DBA4E /* Build configuration list for PBXNativeTarget "TestLocalisation" */;
			buildPhases = (
				09068B7023E4739D004DBA4E /* Sources */,
				09068B7123E4739D004DBA4E /* Frameworks */,
				09068B7223E4739D004DBA4E /* Resources */,
			);
			buildRules = (
			);
			dependencies = (
			);
			name = TestLocalisation;
			productName = TestLocalisation;
			productReference = 09068B7423E4739D004DBA4E /* TestLocalisation.app */;
			productType = "com.apple.product-type.application";
		};
/* End PBXNativeTarget section */

/* Begin PBXProject section */
		09068B6C23E4739D004DBA4E /* Project object */ = {
			isa = PBXProject;
			attributes = {
				LastSwiftUpdateCheck = 1130;
				LastUpgradeCheck = 1130;
				ORGANIZATIONNAME = waizulabs;
				TargetAttributes = {
					09068B7323E4739D004DBA4E = {
						CreatedOnToolsVersion = 11.3.1;
					};
				};
			};
			buildConfigurationList = 09068B6F23E4739D004DBA4E /* Build configuration list for PBXProject "TestLocalisation" */;
			compatibilityVersion = "Xcode 9.3";
			developmentRegion = en;
			hasScannedForEncodings = 0;
			knownRegions = (
				en,
				Base,
			);
			mainGroup = 09068B6B23E4739D004DBA4E;
			productRefGroup = 09068B7523E4739D004DBA4E /* Products */;
			projectDirPath = "";
			projectRoot = "";
			targets = (
				09068B7323E4739D004DBA4E /* TestLocalisation */,
			);
		};
/* End PBXProject section */

/* Begin PBXResourcesBuildPhase section */
		09068B7223E4739D004DBA4E /* Resources */ = {
			isa = PBXResourcesBuildPhase;
			buildActionMask = 2147483647;
			files = (
				09068B8423E4739E004DBA4E /* LaunchScreen.storyboard in Resources */,
				09068B8123E4739E004DBA4E /* Assets.xcassets in Resources */,
				09068B7F23E4739D004DBA4E /* Main.storyboard in Resources */,
			);
			runOnlyForDeploymentPostprocessing = 0;
		};
/* End PBXResourcesBuildPhase section */

/* Begin PBXSourcesBuildPhase section */
		09068B7023E4739D004DBA4E /* Sources */ = {
			isa = PBXSourcesBuildPhase;
			buildActionMask = 2147483647;
			files = (
				09068B7C23E4739D004DBA4E /* ViewController.swift in Sources */,
				09068B7823E4739D004DBA4E /* AppDelegate.swift in Sources */,
				09068B7A23E4739D004DBA4E /* SceneDelegate.swift in Sources */,
			);
			runOnlyForDeploymentPostprocessing = 0;
		};
/* End PBXSourcesBuildPhase section */

/* Begin PBXVariantGroup section */
		09068B7D23E4739D004DBA4E /* Main.storyboard */ = {
			isa = PBXVariantGroup;
			children = (
				09068B7E23E4739D004DBA4E /* Base */,
			);
			name = Main.storyboard;
			sourceTree = "<group>";
		};
		09068B8223E4739E004DBA4E /* LaunchScreen.storyboard */ = {
			isa = PBXVariantGroup;
			children = (
				09068B8323E4739E004DBA4E /* Base */,
			);
			name = LaunchScreen.storyboard;
			sourceTree = "<group>";
		};
/* End PBXVariantGroup section */

/* Begin XCBuildConfiguration section */
		09068B8623E4739E004DBA4E /* Debug */ = {
			isa = XCBuildConfiguration;
			buildSettings = {
				ALWAYS_SEARCH_USER_PATHS = NO;
				CLANG_ANALYZER_NONNULL = YES;
				CLANG_ANALYZER_NUMBER_OBJECT_CONVERSION = YES_AGGRESSIVE;
				CLANG_CXX_LANGUAGE_STANDARD = "gnu++14";
				CLANG_CXX_LIBRARY = "libc++";
				CLANG_ENABLE_MODULES = YES;
				CLANG_ENABLE_OBJC_ARC = YES;
				CLANG_ENABLE_OBJC_WEAK = YES;
				CLANG_WARN_BLOCK_CAPTURE_AUTORELEASING = YES;
				CLANG_WARN_BOOL_CONVERSION = YES;
				CLANG_WARN_COMMA = YES;
				CLANG_WARN_CONSTANT_CONVERSION = YES;
				CLANG_WARN_DEPRECATED_OBJC_IMPLEMENTATIONS = YES;
				CLANG_WARN_DIRECT_OBJC_ISA_USAGE = YES_ERROR;
				CLANG_WARN_DOCUMENTATION_COMMENTS = YES;
				CLANG_WARN_EMPTY_BODY = YES;
				CLANG_WARN_ENUM_CONVERSION = YES;
				CLANG_WARN_INFINITE_RECURSION = YES;
				CLANG_WARN_INT_CONVERSION = YES;
				CLANG_WARN_NON_LITERAL_NULL_CONVERSION = YES;
				CLANG_WARN_OBJC_IMPLICIT_RETAIN_SELF = YES;
				CLANG_WARN_OBJC_LITERAL_CONVERSION = YES;
				CLANG_WARN_OBJC_ROOT_CLASS = YES_ERROR;
				CLANG_WARN_RANGE_LOOP_ANALYSIS = YES;
				CLANG_WARN_STRICT_PROTOTYPES = YES;
				CLANG_WARN_SUSPICIOUS_MOVE = YES;
				CLANG_WARN_UNGUARDED_AVAILABILITY = YES_AGGRESSIVE;
				CLANG_WARN_UNREACHABLE_CODE = YES;
				CLANG_WARN__DUPLICATE_METHOD_MATCH = YES;
				COPY_PHASE_STRIP = NO;
				DEBUG_INFORMATION_FORMAT = dwarf;
				ENABLE_STRICT_OBJC_MSGSEND = YES;
				ENABLE_TESTABILITY = YES;
				GCC_C_LANGUAGE_STANDARD = gnu11;
				GCC_DYNAMIC_NO_PIC = NO;
				GCC_NO_COMMON_BLOCKS = YES;
				GCC_OPTIMIZATION_LEVEL = 0;
				GCC_PREPROCESSOR_DEFINITIONS = (
					"DEBUG=1",
					"$(inherited)",
				);
				GCC_WARN_64_TO_32_BIT_CONVERSION = YES;
				GCC_WARN_ABOUT_RETURN_TYPE = YES_ERROR;
				GCC_WARN_UNDECLARED_SELECTOR = YES;
				GCC_WARN_UNINITIALIZED_AUTOS = YES_AGGRESSIVE;
				GCC_WARN_UNUSED_FUNCTION = YES;
				GCC_WARN_UNUSED_VARIABLE = YES;
				IPHONEOS_DEPLOYMENT_TARGET = 13.2;
				MTL_ENABLE_DEBUG_INFO = INCLUDE_SOURCE;
				MTL_FAST_MATH = YES;
				ONLY_ACTIVE_ARCH = YES;
				SDKROOT = iphoneos;
				SWIFT_ACTIVE_COMPILATION_CONDITIONS = DEBUG;
				SWIFT_OPTIMIZATION_LEVEL = "-Onone";
			};
			name = Debug;
		};
		09068B8723E4739E004DBA4E /* Release */ = {
			isa = XCBuildConfiguration;
			buildSettings = {
				ALWAYS_SEARCH_USER_PATHS = NO;
				CLANG_ANALYZER_NONNULL = YES;
				CLANG_ANALYZER_NUMBER_OBJECT_CONVERSION = YES_AGGRESSIVE;
				CLANG_CXX_LANGUAGE_STANDARD = "gnu++14";
				CLANG_CXX_LIBRARY = "libc++";
				CLANG_ENABLE_MODULES = YES;
				CLANG_ENABLE_OBJC_ARC = YES;
				CLANG_ENABLE_OBJC_WEAK = YES;
				CLANG_WARN_BLOCK_CAPTURE_AUTORELEASING = YES;
				CLANG_WARN_BOOL_CONVERSION = YES;
				CLANG_WARN_COMMA = YES;
				CLANG_WARN_CONSTANT_CONVERSION = YES;
				CLANG_WARN_DEPRECATED_OBJC_IMPLEMENTATIONS = YES;
				CLANG_WARN_DIRECT_OBJC_ISA_USAGE = YES_ERROR;
				CLANG_WARN_DOCUMENTATION_COMMENTS = YES;
				CLANG_WARN_EMPTY_BODY = YES;
				CLANG_WARN_ENUM_CONVERSION = YES;
				CLANG_WARN_INFINITE_RECURSION = YES;
				CLANG_WARN_INT_CONVERSION = YES;
				CLANG_WARN_NON_LITERAL_NULL_CONVERSION = YES;
				CLANG_WARN_OBJC_IMPLICIT_RETAIN_SELF = YES;
				CLANG_WARN_OBJC_LITERAL_CONVERSION = YES;
				CLANG_WARN_OBJC_ROOT_CLASS = YES_ERROR;
				CLANG_WARN_RANGE_LOOP_ANALYSIS = YES;
				CLANG_WARN_STRICT_PROTOTYPES = YES;
				CLANG_WARN_SUSPICIOUS_MOVE = YES;
				CLANG_WARN_UNGUARDED_AVAILABILITY = YES_AGGRESSIVE;
				CLANG_WARN_UNREACHABLE_CODE = YES;
				CLANG_WARN__DUPLICATE_METHOD_MATCH = YES;
				COPY_PHASE_STRIP = NO;
				DEBUG_INFORMATION_FORMAT = "dwarf-with-dsym";
				ENABLE_NS_ASSERTIONS = NO;
				ENABLE_STRICT_OBJC_MSGSEND = YES;
				GCC_C_LANGUAGE_STANDARD = gnu11;
				GCC_NO_COMMON_BLOCKS = YES;
				GCC_WARN_64_TO_32_BIT_CONVERSION = YES;
				GCC_WARN_ABOUT_RETURN_TYPE = YES_ERROR;
				GCC_WARN_UNDECLARED_SELECTOR = YES;
				GCC_WARN_UNINITIALIZED_AUTOS = YES_AGGRESSIVE;
				GCC_WARN_UNUSED_FUNCTION = YES;
				GCC_WARN_UNUSED_VARIABLE = YES;
				IPHONEOS_DEPLOYMENT_TARGET = 13.2;
				MTL_ENABLE_DEBUG_INFO = NO;
				MTL_FAST_MATH = YES;
				SDKROOT = iphoneos;
				SWIFT_COMPILATION_MODE = wholemodule;
				SWIFT_OPTIMIZATION_LEVEL = "-O";
				VALIDATE_PRODUCT = YES;
			};
			name = Release;
		};
		09068B8923E4739E004DBA4E /* Debug */ = {
			isa = XCBuildConfiguration;
			buildSettings = {
				ASSETCATALOG_COMPILER_APPICON_NAME = AppIcon;
				CODE_SIGN_STYLE = Automatic;
				DEVELOPMENT_TEAM = 727YSVNY2J;
				INFOPLIST_FILE = TestLocalisation/Info.plist;
				LD_RUNPATH_SEARCH_PATHS = (
					"$(inherited)",
					"@executable_path/Frameworks",
				);
				PRODUCT_BUNDLE_IDENTIFIER = com.waizulabs.TestLocalisation;
				PRODUCT_NAME = "$(TARGET_NAME)";
				SWIFT_VERSION = 5.0;
				TARGETED_DEVICE_FAMILY = "1,2";
			};
			name = Debug;
		};
		09068B8A23E4739E004DBA4E /* Release */ = {
			isa = XCBuildConfiguration;
			buildSettings = {
				ASSETCATALOG_COMPILER_APPICON_NAME = AppIcon;
				CODE_SIGN_STYLE = Automatic;
				DEVELOPMENT_TEAM = 727YSVNY2J;
				INFOPLIST_FILE = TestLocalisation/Info.plist;
				LD_RUNPATH_SEARCH_PATHS = (
					"$(inherited)",
					"@executable_path/Frameworks",
				);
				PRODUCT_BUNDLE_IDENTIFIER = com.waizulabs.TestLocalisation;
				PRODUCT_NAME = "$(TARGET_NAME)";
				SWIFT_VERSION = 5.0;
				TARGETED_DEVICE_FAMILY = "1,2";
			};
			name = Release;
		};
/* End XCBuildConfiguration section */

/* Begin XCConfigurationList section */
		09068B6F23E4739D004DBA4E /* Build configuration list for PBXProject "TestLocalisation" */ = {
			isa = XCConfigurationList;
			buildConfigurations = (
				09068B8623E4739E004DBA4E /* Debug */,
				09068B8723E4739E004DBA4E /* Release */,
			);
			defaultConfigurationIsVisible = 0;
			defaultConfigurationName = Release;
		};
		09068B8823E4739E004DBA4E /* Build configuration list for PBXNativeTarget "TestLocalisation" */ = {
			isa = XCConfigurationList;
			buildConfigurations = (
				09068B8923E4739E004DBA4E /* Debug */,
				09068B8A23E4739E004DBA4E /* Release */,
			);
			defaultConfigurationIsVisible = 0;
			defaultConfigurationName = Release;
		};
/* End XCConfigurationList section */
	};
	rootObject = 09068B6C23E4739D004DBA4E /* Project object */;
}
